
Microsoft Visual Studio Solution File, Format Version 12.00
# Visual Studio 14
VisualStudioVersion = 14.0.23107.0
MinimumVisualStudioVersion = 10.0.40219.1
Project("{FAE04EC0-301F-11D3-BF4B-00C04F79EFBC}") = "DrinksServer", "DrinksServer\DrinksServer.csproj", "{877568EA-EBE7-4B3C-9AAC-FD76BBCE8543}"
EndProject
Project("{FAE04EC0-301F-11D3-BF4B-00C04F79EFBC}") = "DrinksServer.Tests", "DrinksServer.Tests\DrinksServer.Tests.csproj", "{4C82A80E-AE70-4440-906E-719AF345B9BC}"
EndProject
Project("{FAE04EC0-301F-11D3-BF4B-00C04F79EFBC}") = "Checkout.ApiClient.Net45", "Checkout.ApiClient.Net45\Checkout.ApiClient.Net45.csproj", "{1C69B996-8AB6-4BA2-A5AE-58A350CBB34B}"
EndProject
Project("{FAE04EC0-301F-11D3-BF4B-00C04F79EFBC}") = "ClientTestApp", "ClientTestApp\ClientTestApp.csproj", "{3EA1B359-BBFD-4F6F-B154-0A7828D5F5ED}"
EndProject
Global
	GlobalSection(SolutionConfigurationPlatforms) = preSolution
		Debug|Any CPU = Debug|Any CPU
		Release|Any CPU = Release|Any CPU
	EndGlobalSection
	GlobalSection(ProjectConfigurationPlatforms) = postSolution
		{877568EA-EBE7-4B3C-9AAC-FD76BBCE8543}.Debug|Any CPU.ActiveCfg = Debug|Any CPU
		{877568EA-EBE7-4B3C-9AAC-FD76BBCE8543}.Debug|Any CPU.Build.0 = Debug|Any CPU
		{877568EA-EBE7-4B3C-9AAC-FD76BBCE8543}.Release|Any CPU.ActiveCfg = Release|Any CPU
		{877568EA-EBE7-4B3C-9AAC-FD76BBCE8543}.Release|Any CPU.Build.0 = Release|Any CPU
		{4C82A80E-AE70-4440-906E-719AF345B9BC}.Debug|Any CPU.ActiveCfg = Debug|Any CPU
		{4C82A80E-AE70-4440-906E-719AF345B9BC}.Debug|Any CPU.Build.0 = Debug|Any CPU
		{4C82A80E-AE70-4440-906E-719AF345B9BC}.Release|Any CPU.ActiveCfg = Release|Any CPU
		{4C82A80E-AE70-4440-906E-719AF345B9BC}.Release|Any CPU.Build.0 = Release|Any CPU
		{1C69B996-8AB6-4BA2-A5AE-58A350CBB34B}.Debug|Any CPU.ActiveCfg = Debug|Any CPU
		{1C69B996-8AB6-4BA2-A5AE-58A350CBB34B}.Debug|Any CPU.Build.0 = Debug|Any CPU
		{1C69B996-8AB6-4BA2-A5AE-58A350CBB34B}.Release|Any CPU.ActiveCfg = Release|Any CPU
		{1C69B996-8AB6-4BA2-A5AE-58A350CBB34B}.Release|Any CPU.Build.0 = Release|Any CPU
		{3EA1B359-BBFD-4F6F-B154-0A7828D5F5ED}.Debug|Any CPU.ActiveCfg = Debug|Any CPU
		{3EA1B359-BBFD-4F6F-B154-0A7828D5F5ED}.Debug|Any CPU.Build.0 = Debug|Any CPU
		{3EA1B359-BBFD-4F6F-B154-0A7828D5F5ED}.Release|Any CPU.ActiveCfg = Release|Any CPU
		{3EA1B359-BBFD-4F6F-B154-0A7828D5F5ED}.Release|Any CPU.Build.0 = Release|Any CPU
	EndGlobalSection
	GlobalSection(SolutionProperties) = preSolution
		HideSolutionNode = FALSE
	EndGlobalSection
EndGlobal
